
Microsoft Visual Studio Solution File, Format Version 12.00
# Visual Studio Version 16
VisualStudioVersion = 16.0.30804.86
MinimumVisualStudioVersion = 10.0.40219.1
Project("{FAE04EC0-301F-11D3-BF4B-00C04F79EFBC}") = "NewDawn Remake", "NewDawn Remake.csproj", "{1635B29D-A487-4BA8-990A-BDB449FBA9FB}"
EndProject
Global
	GlobalSection(SolutionConfigurationPlatforms) = preSolution
		Debug|Any CPU = Debug|Any CPU
		Release|Any CPU = Release|Any CPU
	EndGlobalSection
	GlobalSection(ProjectConfigurationPlatforms) = postSolution
		{1635B29D-A487-4BA8-990A-BDB449FBA9FB}.Debug|Any CPU.ActiveCfg = Debug|Any CPU
		{1635B29D-A487-4BA8-990A-BDB449FBA9FB}.Debug|Any CPU.Build.0 = Debug|Any CPU
		{1635B29D-A487-4BA8-990A-BDB449FBA9FB}.Release|Any CPU.ActiveCfg = Release|Any CPU
		{1635B29D-A487-4BA8-990A-BDB449FBA9FB}.Release|Any CPU.Build.0 = Release|Any CPU
	EndGlobalSection
	GlobalSection(SolutionProperties) = preSolution
		HideSolutionNode = FALSE
	EndGlobalSection
	GlobalSection(ExtensibilityGlobals) = postSolution
		SolutionGuid = {82351D70-196C-47EF-BAB2-A559003C8935}
	EndGlobalSection
EndGlobal
