
Microsoft Visual Studio Solution File, Format Version 12.00
# Visual Studio Version 16
VisualStudioVersion = 16.0.30804.86
MinimumVisualStudioVersion = 10.0.40219.1
Project("{FAE04EC0-301F-11D3-BF4B-00C04F79EFBC}") = "NewDawn Engine", "NewDawn Engine.csproj", "{426066D3-B6C4-4633-A207-A09420BDF411}"
EndProject
Global
	GlobalSection(SolutionConfigurationPlatforms) = preSolution
		Debug|Any CPU = Debug|Any CPU
		Release|Any CPU = Release|Any CPU
	EndGlobalSection
	GlobalSection(ProjectConfigurationPlatforms) = postSolution
		{426066D3-B6C4-4633-A207-A09420BDF411}.Debug|Any CPU.ActiveCfg = Debug|Any CPU
		{426066D3-B6C4-4633-A207-A09420BDF411}.Debug|Any CPU.Build.0 = Debug|Any CPU
		{426066D3-B6C4-4633-A207-A09420BDF411}.Release|Any CPU.ActiveCfg = Release|Any CPU
		{426066D3-B6C4-4633-A207-A09420BDF411}.Release|Any CPU.Build.0 = Release|Any CPU
	EndGlobalSection
	GlobalSection(SolutionProperties) = preSolution
		HideSolutionNode = FALSE
	EndGlobalSection
	GlobalSection(ExtensibilityGlobals) = postSolution
		SolutionGuid = {44DAE671-8032-4086-A31F-B45962B081BA}
	EndGlobalSection
EndGlobal
