
Microsoft Visual Studio Solution File, Format Version 12.00
# Visual Studio Version 16
VisualStudioVersion = 16.0.30611.23
MinimumVisualStudioVersion = 10.0.40219.1
Project("{FAE04EC0-301F-11D3-BF4B-00C04F79EFBC}") = "NewDawn", "NewDawn.csproj", "{4F2F211C-FAA5-4CED-9859-BED1EEAF8E9D}"
EndProject
Global
	GlobalSection(SolutionConfigurationPlatforms) = preSolution
		Debug|Any CPU = Debug|Any CPU
		Release|Any CPU = Release|Any CPU
	EndGlobalSection
	GlobalSection(ProjectConfigurationPlatforms) = postSolution
		{4F2F211C-FAA5-4CED-9859-BED1EEAF8E9D}.Debug|Any CPU.ActiveCfg = Debug|Any CPU
		{4F2F211C-FAA5-4CED-9859-BED1EEAF8E9D}.Debug|Any CPU.Build.0 = Debug|Any CPU
		{4F2F211C-FAA5-4CED-9859-BED1EEAF8E9D}.Release|Any CPU.ActiveCfg = Release|Any CPU
		{4F2F211C-FAA5-4CED-9859-BED1EEAF8E9D}.Release|Any CPU.Build.0 = Release|Any CPU
	EndGlobalSection
	GlobalSection(SolutionProperties) = preSolution
		HideSolutionNode = FALSE
	EndGlobalSection
	GlobalSection(ExtensibilityGlobals) = postSolution
		SolutionGuid = {6476DF21-CDB4-45F5-AAC3-7FDA669C3C48}
	EndGlobalSection
EndGlobal
